// !$*UTF8*$!
{
	archiveVersion = 1;
	classes = {
	};
	objectVersion = 50;
	objects = {

/* Begin PBXBuildFile section */
		4C4AFA11261BCE950016899E /* Refeicao.swift in Sources */ = {isa = PBXBuildFile; fileRef = 4C4AFA10261BCE950016899E /* Refeicao.swift */; };
		4C4AFA16261BCF240016899E /* Item.swift in Sources */ = {isa = PBXBuildFile; fileRef = 4C4AFA15261BCF240016899E /* Item.swift */; };
		4C63E06B260CE4BE0060CE67 /* AppDelegate.swift in Sources */ = {isa = PBXBuildFile; fileRef = 4C63E06A260CE4BE0060CE67 /* AppDelegate.swift */; };
		4C63E06D260CE4BE0060CE67 /* SceneDelegate.swift in Sources */ = {isa = PBXBuildFile; fileRef = 4C63E06C260CE4BE0060CE67 /* SceneDelegate.swift */; };
		4C63E06F260CE4BE0060CE67 /* ViewController.swift in Sources */ = {isa = PBXBuildFile; fileRef = 4C63E06E260CE4BE0060CE67 /* ViewController.swift */; };
		4C63E072260CE4BE0060CE67 /* Main.storyboard in Resources */ = {isa = PBXBuildFile; fileRef = 4C63E070260CE4BE0060CE67 /* Main.storyboard */; };
		4C63E074260CE4C00060CE67 /* Assets.xcassets in Resources */ = {isa = PBXBuildFile; fileRef = 4C63E073260CE4C00060CE67 /* Assets.xcassets */; };
		4C63E077260CE4C00060CE67 /* LaunchScreen.storyboard in Resources */ = {isa = PBXBuildFile; fileRef = 4C63E075260CE4C00060CE67 /* LaunchScreen.storyboard */; };
		4C63E082260CE4C00060CE67 /* eggplant_brownieTests.swift in Sources */ = {isa = PBXBuildFile; fileRef = 4C63E081260CE4C00060CE67 /* eggplant_brownieTests.swift */; };
		4C63E08D260CE4C00060CE67 /* eggplant_brownieUITests.swift in Sources */ = {isa = PBXBuildFile; fileRef = 4C63E08C260CE4C00060CE67 /* eggplant_brownieUITests.swift */; };
/* End PBXBuildFile section */

/* Begin PBXContainerItemProxy section */
		4C63E07E260CE4C00060CE67 /* PBXContainerItemProxy */ = {
			isa = PBXContainerItemProxy;
			containerPortal = 4C63E05F260CE4BD0060CE67 /* Project object */;
			proxyType = 1;
			remoteGlobalIDString = 4C63E066260CE4BE0060CE67;
			remoteInfo = "eggplant-brownie";
		};
		4C63E089260CE4C00060CE67 /* PBXContainerItemProxy */ = {
			isa = PBXContainerItemProxy;
			containerPortal = 4C63E05F260CE4BD0060CE67 /* Project object */;
			proxyType = 1;
			remoteGlobalIDString = 4C63E066260CE4BE0060CE67;
			remoteInfo = "eggplant-brownie";
		};
/* End PBXContainerItemProxy section */

/* Begin PBXFileReference section */
		4C2C61DC2610F10100377161 /* MyPlayground.playground */ = {isa = PBXFileReference; lastKnownFileType = file.playground; path = MyPlayground.playground; sourceTree = "<group>"; xcLanguageSpecificationIdentifier = xcode.lang.swift; };
		4C4AFA10261BCE950016899E /* Refeicao.swift */ = {isa = PBXFileReference; lastKnownFileType = sourcecode.swift; path = Refeicao.swift; sourceTree = "<group>"; };
		4C4AFA15261BCF240016899E /* Item.swift */ = {isa = PBXFileReference; lastKnownFileType = sourcecode.swift; path = Item.swift; sourceTree = "<group>"; };
		4C63E067260CE4BE0060CE67 /* eggplant-brownie.app */ = {isa = PBXFileReference; explicitFileType = wrapper.application; includeInIndex = 0; path = "eggplant-brownie.app"; sourceTree = BUILT_PRODUCTS_DIR; };
		4C63E06A260CE4BE0060CE67 /* AppDelegate.swift */ = {isa = PBXFileReference; lastKnownFileType = sourcecode.swift; path = AppDelegate.swift; sourceTree = "<group>"; };
		4C63E06C260CE4BE0060CE67 /* SceneDelegate.swift */ = {isa = PBXFileReference; lastKnownFileType = sourcecode.swift; path = SceneDelegate.swift; sourceTree = "<group>"; };
		4C63E06E260CE4BE0060CE67 /* ViewController.swift */ = {isa = PBXFileReference; lastKnownFileType = sourcecode.swift; path = ViewController.swift; sourceTree = "<group>"; };
		4C63E071260CE4BE0060CE67 /* Base */ = {isa = PBXFileReference; lastKnownFileType = file.storyboard; name = Base; path = Base.lproj/Main.storyboard; sourceTree = "<group>"; };
		4C63E073260CE4C00060CE67 /* Assets.xcassets */ = {isa = PBXFileReference; lastKnownFileType = folder.assetcatalog; path = Assets.xcassets; sourceTree = "<group>"; };
		4C63E076260CE4C00060CE67 /* Base */ = {isa = PBXFileReference; lastKnownFileType = file.storyboard; name = Base; path = Base.lproj/LaunchScreen.storyboard; sourceTree = "<group>"; };
		4C63E078260CE4C00060CE67 /* Info.plist */ = {isa = PBXFileReference; lastKnownFileType = text.plist.xml; path = Info.plist; sourceTree = "<group>"; };
		4C63E07D260CE4C00060CE67 /* eggplant-brownieTests.xctest */ = {isa = PBXFileReference; explicitFileType = wrapper.cfbundle; includeInIndex = 0; path = "eggplant-brownieTests.xctest"; sourceTree = BUILT_PRODUCTS_DIR; };
		4C63E081260CE4C00060CE67 /* eggplant_brownieTests.swift */ = {isa = PBXFileReference; lastKnownFileType = sourcecode.swift; path = eggplant_brownieTests.swift; sourceTree = "<group>"; };
		4C63E083260CE4C00060CE67 /* Info.plist */ = {isa = PBXFileReference; lastKnownFileType = text.plist.xml; path = Info.plist; sourceTree = "<group>"; };
		4C63E088260CE4C00060CE67 /* eggplant-brownieUITests.xctest */ = {isa = PBXFileReference; explicitFileType = wrapper.cfbundle; includeInIndex = 0; path = "eggplant-brownieUITests.xctest"; sourceTree = BUILT_PRODUCTS_DIR; };
		4C63E08C260CE4C00060CE67 /* eggplant_brownieUITests.swift */ = {isa = PBXFileReference; lastKnownFileType = sourcecode.swift; path = eggplant_brownieUITests.swift; sourceTree = "<group>"; };
		4C63E08E260CE4C00060CE67 /* Info.plist */ = {isa = PBXFileReference; lastKnownFileType = text.plist.xml; path = Info.plist; sourceTree = "<group>"; };
		4C755180260FB85300140ACA /* README.md */ = {isa = PBXFileReference; lastKnownFileType = net.daringfireball.markdown; path = README.md; sourceTree = "<group>"; };
/* End PBXFileReference section */

/* Begin PBXFrameworksBuildPhase section */
		4C63E064260CE4BE0060CE67 /* Frameworks */ = {
			isa = PBXFrameworksBuildPhase;
			buildActionMask = 2147483647;
			files = (
			);
			runOnlyForDeploymentPostprocessing = 0;
		};
		4C63E07A260CE4C00060CE67 /* Frameworks */ = {
			isa = PBXFrameworksBuildPhase;
			buildActionMask = 2147483647;
			files = (
			);
			runOnlyForDeploymentPostprocessing = 0;
		};
		4C63E085260CE4C00060CE67 /* Frameworks */ = {
			isa = PBXFrameworksBuildPhase;
			buildActionMask = 2147483647;
			files = (
			);
			runOnlyForDeploymentPostprocessing = 0;
		};
/* End PBXFrameworksBuildPhase section */

/* Begin PBXGroup section */
		4C4AFA1D261BD0150016899E /* Models */ = {
			isa = PBXGroup;
			children = (
				4C4AFA10261BCE950016899E /* Refeicao.swift */,
				4C4AFA15261BCF240016899E /* Item.swift */,
			);
			path = Models;
			sourceTree = "<group>";
		};
		4C4AFA1E261BD0690016899E /* Controllers */ = {
			isa = PBXGroup;
			children = (
				4C63E06E260CE4BE0060CE67 /* ViewController.swift */,
			);
			path = Controllers;
			sourceTree = "<group>";
		};
		4C4AFA1F261BD09F0016899E /* Views */ = {
			isa = PBXGroup;
			children = (
				4C63E070260CE4BE0060CE67 /* Main.storyboard */,
			);
			path = Views;
			sourceTree = "<group>";
		};
		4C63E05E260CE4BD0060CE67 = {
			isa = PBXGroup;
			children = (
				4C2C61DC2610F10100377161 /* MyPlayground.playground */,
				4C755180260FB85300140ACA /* README.md */,
				4C63E069260CE4BE0060CE67 /* eggplant-brownie */,
				4C63E080260CE4C00060CE67 /* eggplant-brownieTests */,
				4C63E08B260CE4C00060CE67 /* eggplant-brownieUITests */,
				4C63E068260CE4BE0060CE67 /* Products */,
			);
			sourceTree = "<group>";
		};
		4C63E068260CE4BE0060CE67 /* Products */ = {
			isa = PBXGroup;
			children = (
				4C63E067260CE4BE0060CE67 /* eggplant-brownie.app */,
				4C63E07D260CE4C00060CE67 /* eggplant-brownieTests.xctest */,
				4C63E088260CE4C00060CE67 /* eggplant-brownieUITests.xctest */,
			);
			name = Products;
			sourceTree = "<group>";
		};
		4C63E069260CE4BE0060CE67 /* eggplant-brownie */ = {
			isa = PBXGroup;
			children = (
				4C4AFA1D261BD0150016899E /* Models */,
				4C4AFA1F261BD09F0016899E /* Views */,
				4C4AFA1E261BD0690016899E /* Controllers */,
				4C63E06A260CE4BE0060CE67 /* AppDelegate.swift */,
				4C63E06C260CE4BE0060CE67 /* SceneDelegate.swift */,
				4C63E073260CE4C00060CE67 /* Assets.xcassets */,
				4C63E075260CE4C00060CE67 /* LaunchScreen.storyboard */,
				4C63E078260CE4C00060CE67 /* Info.plist */,
			);
			path = "eggplant-brownie";
			sourceTree = "<group>";
		};
		4C63E080260CE4C00060CE67 /* eggplant-brownieTests */ = {
			isa = PBXGroup;
			children = (
				4C63E081260CE4C00060CE67 /* eggplant_brownieTests.swift */,
				4C63E083260CE4C00060CE67 /* Info.plist */,
			);
			path = "eggplant-brownieTests";
			sourceTree = "<group>";
		};
		4C63E08B260CE4C00060CE67 /* eggplant-brownieUITests */ = {
			isa = PBXGroup;
			children = (
				4C63E08C260CE4C00060CE67 /* eggplant_brownieUITests.swift */,
				4C63E08E260CE4C00060CE67 /* Info.plist */,
			);
			path = "eggplant-brownieUITests";
			sourceTree = "<group>";
		};
/* End PBXGroup section */

/* Begin PBXNativeTarget section */
		4C63E066260CE4BE0060CE67 /* eggplant-brownie */ = {
			isa = PBXNativeTarget;
			buildConfigurationList = 4C63E091260CE4C00060CE67 /* Build configuration list for PBXNativeTarget "eggplant-brownie" */;
			buildPhases = (
				4C63E063260CE4BE0060CE67 /* Sources */,
				4C63E064260CE4BE0060CE67 /* Frameworks */,
				4C63E065260CE4BE0060CE67 /* Resources */,
			);
			buildRules = (
			);
			dependencies = (
			);
			name = "eggplant-brownie";
			productName = "eggplant-brownie";
			productReference = 4C63E067260CE4BE0060CE67 /* eggplant-brownie.app */;
			productType = "com.apple.product-type.application";
		};
		4C63E07C260CE4C00060CE67 /* eggplant-brownieTests */ = {
			isa = PBXNativeTarget;
			buildConfigurationList = 4C63E094260CE4C00060CE67 /* Build configuration list for PBXNativeTarget "eggplant-brownieTests" */;
			buildPhases = (
				4C63E079260CE4C00060CE67 /* Sources */,
				4C63E07A260CE4C00060CE67 /* Frameworks */,
				4C63E07B260CE4C00060CE67 /* Resources */,
			);
			buildRules = (
			);
			dependencies = (
				4C63E07F260CE4C00060CE67 /* PBXTargetDependency */,
			);
			name = "eggplant-brownieTests";
			productName = "eggplant-brownieTests";
			productReference = 4C63E07D260CE4C00060CE67 /* eggplant-brownieTests.xctest */;
			productType = "com.apple.product-type.bundle.unit-test";
		};
		4C63E087260CE4C00060CE67 /* eggplant-brownieUITests */ = {
			isa = PBXNativeTarget;
			buildConfigurationList = 4C63E097260CE4C00060CE67 /* Build configuration list for PBXNativeTarget "eggplant-brownieUITests" */;
			buildPhases = (
				4C63E084260CE4C00060CE67 /* Sources */,
				4C63E085260CE4C00060CE67 /* Frameworks */,
				4C63E086260CE4C00060CE67 /* Resources */,
			);
			buildRules = (
			);
			dependencies = (
				4C63E08A260CE4C00060CE67 /* PBXTargetDependency */,
			);
			name = "eggplant-brownieUITests";
			productName = "eggplant-brownieUITests";
			productReference = 4C63E088260CE4C00060CE67 /* eggplant-brownieUITests.xctest */;
			productType = "com.apple.product-type.bundle.ui-testing";
		};
/* End PBXNativeTarget section */

/* Begin PBXProject section */
		4C63E05F260CE4BD0060CE67 /* Project object */ = {
			isa = PBXProject;
			attributes = {
				LastSwiftUpdateCheck = 1240;
				LastUpgradeCheck = 1240;
				TargetAttributes = {
					4C63E066260CE4BE0060CE67 = {
						CreatedOnToolsVersion = 12.4;
					};
					4C63E07C260CE4C00060CE67 = {
						CreatedOnToolsVersion = 12.4;
						TestTargetID = 4C63E066260CE4BE0060CE67;
					};
					4C63E087260CE4C00060CE67 = {
						CreatedOnToolsVersion = 12.4;
						TestTargetID = 4C63E066260CE4BE0060CE67;
					};
				};
			};
			buildConfigurationList = 4C63E062260CE4BD0060CE67 /* Build configuration list for PBXProject "eggplant-brownie" */;
			compatibilityVersion = "Xcode 9.3";
			developmentRegion = en;
			hasScannedForEncodings = 0;
			knownRegions = (
				en,
				Base,
			);
			mainGroup = 4C63E05E260CE4BD0060CE67;
			productRefGroup = 4C63E068260CE4BE0060CE67 /* Products */;
			projectDirPath = "";
			projectRoot = "";
			targets = (
				4C63E066260CE4BE0060CE67 /* eggplant-brownie */,
				4C63E07C260CE4C00060CE67 /* eggplant-brownieTests */,
				4C63E087260CE4C00060CE67 /* eggplant-brownieUITests */,
			);
		};
/* End PBXProject section */

/* Begin PBXResourcesBuildPhase section */
		4C63E065260CE4BE0060CE67 /* Resources */ = {
			isa = PBXResourcesBuildPhase;
			buildActionMask = 2147483647;
			files = (
				4C63E077260CE4C00060CE67 /* LaunchScreen.storyboard in Resources */,
				4C63E074260CE4C00060CE67 /* Assets.xcassets in Resources */,
				4C63E072260CE4BE0060CE67 /* Main.storyboard in Resources */,
			);
			runOnlyForDeploymentPostprocessing = 0;
		};
		4C63E07B260CE4C00060CE67 /* Resources */ = {
			isa = PBXResourcesBuildPhase;
			buildActionMask = 2147483647;
			files = (
			);
			runOnlyForDeploymentPostprocessing = 0;
		};
		4C63E086260CE4C00060CE67 /* Resources */ = {
			isa = PBXResourcesBuildPhase;
			buildActionMask = 2147483647;
			files = (
			);
			runOnlyForDeploymentPostprocessing = 0;
		};
/* End PBXResourcesBuildPhase section */

/* Begin PBXSourcesBuildPhase section */
		4C63E063260CE4BE0060CE67 /* Sources */ = {
			isa = PBXSourcesBuildPhase;
			buildActionMask = 2147483647;
			files = (
				4C4AFA16261BCF240016899E /* Item.swift in Sources */,
				4C63E06F260CE4BE0060CE67 /* ViewController.swift in Sources */,
				4C63E06B260CE4BE0060CE67 /* AppDelegate.swift in Sources */,
				4C63E06D260CE4BE0060CE67 /* SceneDelegate.swift in Sources */,
				4C4AFA11261BCE950016899E /* Refeicao.swift in Sources */,
			);
			runOnlyForDeploymentPostprocessing = 0;
		};
		4C63E079260CE4C00060CE67 /* Sources */ = {
			isa = PBXSourcesBuildPhase;
			buildActionMask = 2147483647;
			files = (
				4C63E082260CE4C00060CE67 /* eggplant_brownieTests.swift in Sources */,
			);
			runOnlyForDeploymentPostprocessing = 0;
		};
		4C63E084260CE4C00060CE67 /* Sources */ = {
			isa = PBXSourcesBuildPhase;
			buildActionMask = 2147483647;
			files = (
				4C63E08D260CE4C00060CE67 /* eggplant_brownieUITests.swift in Sources */,
			);
			runOnlyForDeploymentPostprocessing = 0;
		};
/* End PBXSourcesBuildPhase section */

/* Begin PBXTargetDependency section */
		4C63E07F260CE4C00060CE67 /* PBXTargetDependency */ = {
			isa = PBXTargetDependency;
			target = 4C63E066260CE4BE0060CE67 /* eggplant-brownie */;
			targetProxy = 4C63E07E260CE4C00060CE67 /* PBXContainerItemProxy */;
		};
		4C63E08A260CE4C00060CE67 /* PBXTargetDependency */ = {
			isa = PBXTargetDependency;
			target = 4C63E066260CE4BE0060CE67 /* eggplant-brownie */;
			targetProxy = 4C63E089260CE4C00060CE67 /* PBXContainerItemProxy */;
		};
/* End PBXTargetDependency section */

/* Begin PBXVariantGroup section */
		4C63E070260CE4BE0060CE67 /* Main.storyboard */ = {
			isa = PBXVariantGroup;
			children = (
				4C63E071260CE4BE0060CE67 /* Base */,
			);
			name = Main.storyboard;
			sourceTree = "<group>";
		};
		4C63E075260CE4C00060CE67 /* LaunchScreen.storyboard */ = {
			isa = PBXVariantGroup;
			children = (
				4C63E076260CE4C00060CE67 /* Base */,
			);
			name = LaunchScreen.storyboard;
			sourceTree = "<group>";
		};
/* End PBXVariantGroup section */

/* Begin XCBuildConfiguration section */
		4C63E08F260CE4C00060CE67 /* Debug */ = {
			isa = XCBuildConfiguration;
			buildSettings = {
				ALWAYS_SEARCH_USER_PATHS = NO;
				CLANG_ANALYZER_NONNULL = YES;
				CLANG_ANALYZER_NUMBER_OBJECT_CONVERSION = YES_AGGRESSIVE;
				CLANG_CXX_LANGUAGE_STANDARD = "gnu++14";
				CLANG_CXX_LIBRARY = "libc++";
				CLANG_ENABLE_MODULES = YES;
				CLANG_ENABLE_OBJC_ARC = YES;
				CLANG_ENABLE_OBJC_WEAK = YES;
				CLANG_WARN_BLOCK_CAPTURE_AUTORELEASING = YES;
				CLANG_WARN_BOOL_CONVERSION = YES;
				CLANG_WARN_COMMA = YES;
				CLANG_WARN_CONSTANT_CONVERSION = YES;
				CLANG_WARN_DEPRECATED_OBJC_IMPLEMENTATIONS = YES;
				CLANG_WARN_DIRECT_OBJC_ISA_USAGE = YES_ERROR;
				CLANG_WARN_DOCUMENTATION_COMMENTS = YES;
				CLANG_WARN_EMPTY_BODY = YES;
				CLANG_WARN_ENUM_CONVERSION = YES;
				CLANG_WARN_INFINITE_RECURSION = YES;
				CLANG_WARN_INT_CONVERSION = YES;
				CLANG_WARN_NON_LITERAL_NULL_CONVERSION = YES;
				CLANG_WARN_OBJC_IMPLICIT_RETAIN_SELF = YES;
				CLANG_WARN_OBJC_LITERAL_CONVERSION = YES;
				CLANG_WARN_OBJC_ROOT_CLASS = YES_ERROR;
				CLANG_WARN_QUOTED_INCLUDE_IN_FRAMEWORK_HEADER = YES;
				CLANG_WARN_RANGE_LOOP_ANALYSIS = YES;
				CLANG_WARN_STRICT_PROTOTYPES = YES;
				CLANG_WARN_SUSPICIOUS_MOVE = YES;
				CLANG_WARN_UNGUARDED_AVAILABILITY = YES_AGGRESSIVE;
				CLANG_WARN_UNREACHABLE_CODE = YES;
				CLANG_WARN__DUPLICATE_METHOD_MATCH = YES;
				COPY_PHASE_STRIP = NO;
				DEBUG_INFORMATION_FORMAT = dwarf;
				ENABLE_STRICT_OBJC_MSGSEND = YES;
				ENABLE_TESTABILITY = YES;
				GCC_C_LANGUAGE_STANDARD = gnu11;
				GCC_DYNAMIC_NO_PIC = NO;
				GCC_NO_COMMON_BLOCKS = YES;
				GCC_OPTIMIZATION_LEVEL = 0;
				GCC_PREPROCESSOR_DEFINITIONS = (
					"DEBUG=1",
					"$(inherited)",
				);
				GCC_WARN_64_TO_32_BIT_CONVERSION = YES;
				GCC_WARN_ABOUT_RETURN_TYPE = YES_ERROR;
				GCC_WARN_UNDECLARED_SELECTOR = YES;
				GCC_WARN_UNINITIALIZED_AUTOS = YES_AGGRESSIVE;
				GCC_WARN_UNUSED_FUNCTION = YES;
				GCC_WARN_UNUSED_VARIABLE = YES;
				IPHONEOS_DEPLOYMENT_TARGET = 14.4;
				MTL_ENABLE_DEBUG_INFO = INCLUDE_SOURCE;
				MTL_FAST_MATH = YES;
				ONLY_ACTIVE_ARCH = YES;
				SDKROOT = iphoneos;
				SWIFT_ACTIVE_COMPILATION_CONDITIONS = DEBUG;
				SWIFT_OPTIMIZATION_LEVEL = "-Onone";
			};
			name = Debug;
		};
		4C63E090260CE4C00060CE67 /* Release */ = {
			isa = XCBuildConfiguration;
			buildSettings = {
				ALWAYS_SEARCH_USER_PATHS = NO;
				CLANG_ANALYZER_NONNULL = YES;
				CLANG_ANALYZER_NUMBER_OBJECT_CONVERSION = YES_AGGRESSIVE;
				CLANG_CXX_LANGUAGE_STANDARD = "gnu++14";
				CLANG_CXX_LIBRARY = "libc++";
				CLANG_ENABLE_MODULES = YES;
				CLANG_ENABLE_OBJC_ARC = YES;
				CLANG_ENABLE_OBJC_WEAK = YES;
				CLANG_WARN_BLOCK_CAPTURE_AUTORELEASING = YES;
				CLANG_WARN_BOOL_CONVERSION = YES;
				CLANG_WARN_COMMA = YES;
				CLANG_WARN_CONSTANT_CONVERSION = YES;
				CLANG_WARN_DEPRECATED_OBJC_IMPLEMENTATIONS = YES;
				CLANG_WARN_DIRECT_OBJC_ISA_USAGE = YES_ERROR;
				CLANG_WARN_DOCUMENTATION_COMMENTS = YES;
				CLANG_WARN_EMPTY_BODY = YES;
				CLANG_WARN_ENUM_CONVERSION = YES;
				CLANG_WARN_INFINITE_RECURSION = YES;
				CLANG_WARN_INT_CONVERSION = YES;
				CLANG_WARN_NON_LITERAL_NULL_CONVERSION = YES;
				CLANG_WARN_OBJC_IMPLICIT_RETAIN_SELF = YES;
				CLANG_WARN_OBJC_LITERAL_CONVERSION = YES;
				CLANG_WARN_OBJC_ROOT_CLASS = YES_ERROR;
				CLANG_WARN_QUOTED_INCLUDE_IN_FRAMEWORK_HEADER = YES;
				CLANG_WARN_RANGE_LOOP_ANALYSIS = YES;
				CLANG_WARN_STRICT_PROTOTYPES = YES;
				CLANG_WARN_SUSPICIOUS_MOVE = YES;
				CLANG_WARN_UNGUARDED_AVAILABILITY = YES_AGGRESSIVE;
				CLANG_WARN_UNREACHABLE_CODE = YES;
				CLANG_WARN__DUPLICATE_METHOD_MATCH = YES;
				COPY_PHASE_STRIP = NO;
				DEBUG_INFORMATION_FORMAT = "dwarf-with-dsym";
				ENABLE_NS_ASSERTIONS = NO;
				ENABLE_STRICT_OBJC_MSGSEND = YES;
				GCC_C_LANGUAGE_STANDARD = gnu11;
				GCC_NO_COMMON_BLOCKS = YES;
				GCC_WARN_64_TO_32_BIT_CONVERSION = YES;
				GCC_WARN_ABOUT_RETURN_TYPE = YES_ERROR;
				GCC_WARN_UNDECLARED_SELECTOR = YES;
				GCC_WARN_UNINITIALIZED_AUTOS = YES_AGGRESSIVE;
				GCC_WARN_UNUSED_FUNCTION = YES;
				GCC_WARN_UNUSED_VARIABLE = YES;
				IPHONEOS_DEPLOYMENT_TARGET = 14.4;
				MTL_ENABLE_DEBUG_INFO = NO;
				MTL_FAST_MATH = YES;
				SDKROOT = iphoneos;
				SWIFT_COMPILATION_MODE = wholemodule;
				SWIFT_OPTIMIZATION_LEVEL = "-O";
				VALIDATE_PRODUCT = YES;
			};
			name = Release;
		};
		4C63E092260CE4C00060CE67 /* Debug */ = {
			isa = XCBuildConfiguration;
			buildSettings = {
				ASSETCATALOG_COMPILER_APPICON_NAME = AppIcon;
				ASSETCATALOG_COMPILER_GLOBAL_ACCENT_COLOR_NAME = AccentColor;
				CODE_SIGN_STYLE = Automatic;
				INFOPLIST_FILE = "eggplant-brownie/Info.plist";
				LD_RUNPATH_SEARCH_PATHS = (
					"$(inherited)",
					"@executable_path/Frameworks",
				);
				PRODUCT_BUNDLE_IDENTIFIER = "br.com.alura.eggplant-brownie";
				PRODUCT_NAME = "$(TARGET_NAME)";
				SWIFT_VERSION = 5.0;
				TARGETED_DEVICE_FAMILY = "1,2";
			};
			name = Debug;
		};
		4C63E093260CE4C00060CE67 /* Release */ = {
			isa = XCBuildConfiguration;
			buildSettings = {
				ASSETCATALOG_COMPILER_APPICON_NAME = AppIcon;
				ASSETCATALOG_COMPILER_GLOBAL_ACCENT_COLOR_NAME = AccentColor;
				CODE_SIGN_STYLE = Automatic;
				INFOPLIST_FILE = "eggplant-brownie/Info.plist";
				LD_RUNPATH_SEARCH_PATHS = (
					"$(inherited)",
					"@executable_path/Frameworks",
				);
				PRODUCT_BUNDLE_IDENTIFIER = "br.com.alura.eggplant-brownie";
				PRODUCT_NAME = "$(TARGET_NAME)";
				SWIFT_VERSION = 5.0;
				TARGETED_DEVICE_FAMILY = "1,2";
			};
			name = Release;
		};
		4C63E095260CE4C00060CE67 /* Debug */ = {
			isa = XCBuildConfiguration;
			buildSettings = {
				ALWAYS_EMBED_SWIFT_STANDARD_LIBRARIES = YES;
				BUNDLE_LOADER = "$(TEST_HOST)";
				CODE_SIGN_STYLE = Automatic;
				INFOPLIST_FILE = "eggplant-brownieTests/Info.plist";
				IPHONEOS_DEPLOYMENT_TARGET = 14.4;
				LD_RUNPATH_SEARCH_PATHS = (
					"$(inherited)",
					"@executable_path/Frameworks",
					"@loader_path/Frameworks",
				);
				PRODUCT_BUNDLE_IDENTIFIER = "br.com.alura.eggplant-brownieTests";
				PRODUCT_NAME = "$(TARGET_NAME)";
				SWIFT_VERSION = 5.0;
				TARGETED_DEVICE_FAMILY = "1,2";
				TEST_HOST = "$(BUILT_PRODUCTS_DIR)/eggplant-brownie.app/eggplant-brownie";
			};
			name = Debug;
		};
		4C63E096260CE4C00060CE67 /* Release */ = {
			isa = XCBuildConfiguration;
			buildSettings = {
				ALWAYS_EMBED_SWIFT_STANDARD_LIBRARIES = YES;
				BUNDLE_LOADER = "$(TEST_HOST)";
				CODE_SIGN_STYLE = Automatic;
				INFOPLIST_FILE = "eggplant-brownieTests/Info.plist";
				IPHONEOS_DEPLOYMENT_TARGET = 14.4;
				LD_RUNPATH_SEARCH_PATHS = (
					"$(inherited)",
					"@executable_path/Frameworks",
					"@loader_path/Frameworks",
				);
				PRODUCT_BUNDLE_IDENTIFIER = "br.com.alura.eggplant-brownieTests";
				PRODUCT_NAME = "$(TARGET_NAME)";
				SWIFT_VERSION = 5.0;
				TARGETED_DEVICE_FAMILY = "1,2";
				TEST_HOST = "$(BUILT_PRODUCTS_DIR)/eggplant-brownie.app/eggplant-brownie";
			};
			name = Release;
		};
		4C63E098260CE4C00060CE67 /* Debug */ = {
			isa = XCBuildConfiguration;
			buildSettings = {
				ALWAYS_EMBED_SWIFT_STANDARD_LIBRARIES = YES;
				CODE_SIGN_STYLE = Automatic;
				INFOPLIST_FILE = "eggplant-brownieUITests/Info.plist";
				LD_RUNPATH_SEARCH_PATHS = (
					"$(inherited)",
					"@executable_path/Frameworks",
					"@loader_path/Frameworks",
				);
				PRODUCT_BUNDLE_IDENTIFIER = "br.com.alura.eggplant-brownieUITests";
				PRODUCT_NAME = "$(TARGET_NAME)";
				SWIFT_VERSION = 5.0;
				TARGETED_DEVICE_FAMILY = "1,2";
				TEST_TARGET_NAME = "eggplant-brownie";
			};
			name = Debug;
		};
		4C63E099260CE4C00060CE67 /* Release */ = {
			isa = XCBuildConfiguration;
			buildSettings = {
				ALWAYS_EMBED_SWIFT_STANDARD_LIBRARIES = YES;
				CODE_SIGN_STYLE = Automatic;
				INFOPLIST_FILE = "eggplant-brownieUITests/Info.plist";
				LD_RUNPATH_SEARCH_PATHS = (
					"$(inherited)",
					"@executable_path/Frameworks",
					"@loader_path/Frameworks",
				);
				PRODUCT_BUNDLE_IDENTIFIER = "br.com.alura.eggplant-brownieUITests";
				PRODUCT_NAME = "$(TARGET_NAME)";
				SWIFT_VERSION = 5.0;
				TARGETED_DEVICE_FAMILY = "1,2";
				TEST_TARGET_NAME = "eggplant-brownie";
			};
			name = Release;
		};
/* End XCBuildConfiguration section */

/* Begin XCConfigurationList section */
		4C63E062260CE4BD0060CE67 /* Build configuration list for PBXProject "eggplant-brownie" */ = {
			isa = XCConfigurationList;
			buildConfigurations = (
				4C63E08F260CE4C00060CE67 /* Debug */,
				4C63E090260CE4C00060CE67 /* Release */,
			);
			defaultConfigurationIsVisible = 0;
			defaultConfigurationName = Release;
		};
		4C63E091260CE4C00060CE67 /* Build configuration list for PBXNativeTarget "eggplant-brownie" */ = {
			isa = XCConfigurationList;
			buildConfigurations = (
				4C63E092260CE4C00060CE67 /* Debug */,
				4C63E093260CE4C00060CE67 /* Release */,
			);
			defaultConfigurationIsVisible = 0;
			defaultConfigurationName = Release;
		};
		4C63E094260CE4C00060CE67 /* Build configuration list for PBXNativeTarget "eggplant-brownieTests" */ = {
			isa = XCConfigurationList;
			buildConfigurations = (
				4C63E095260CE4C00060CE67 /* Debug */,
				4C63E096260CE4C00060CE67 /* Release */,
			);
			defaultConfigurationIsVisible = 0;
			defaultConfigurationName = Release;
		};
		4C63E097260CE4C00060CE67 /* Build configuration list for PBXNativeTarget "eggplant-brownieUITests" */ = {
			isa = XCConfigurationList;
			buildConfigurations = (
				4C63E098260CE4C00060CE67 /* Debug */,
				4C63E099260CE4C00060CE67 /* Release */,
			);
			defaultConfigurationIsVisible = 0;
			defaultConfigurationName = Release;
		};
/* End XCConfigurationList section */
	};
	rootObject = 4C63E05F260CE4BD0060CE67 /* Project object */;
}
